
Microsoft Visual Studio Solution File, Format Version 12.00
# Visual Studio Version 16
VisualStudioVersion = 16.0.32510.428
MinimumVisualStudioVersion = 10.0.40219.1
Project("{FAE04EC0-301F-11D3-BF4B-00C04F79EFBC}") = "C969 Performance Assessment", "C969 Performance Assessment\C969 Performance Assessment.csproj", "{92AB07FD-3C06-483F-8B37-A10E278F50B0}"
EndProject
Global
	GlobalSection(SolutionConfigurationPlatforms) = preSolution
		Debug|Any CPU = Debug|Any CPU
		Release|Any CPU = Release|Any CPU
	EndGlobalSection
	GlobalSection(ProjectConfigurationPlatforms) = postSolution
		{92AB07FD-3C06-483F-8B37-A10E278F50B0}.Debug|Any CPU.ActiveCfg = Debug|Any CPU
		{92AB07FD-3C06-483F-8B37-A10E278F50B0}.Debug|Any CPU.Build.0 = Debug|Any CPU
		{92AB07FD-3C06-483F-8B37-A10E278F50B0}.Release|Any CPU.ActiveCfg = Release|Any CPU
		{92AB07FD-3C06-483F-8B37-A10E278F50B0}.Release|Any CPU.Build.0 = Release|Any CPU
	EndGlobalSection
	GlobalSection(SolutionProperties) = preSolution
		HideSolutionNode = FALSE
	EndGlobalSection
	GlobalSection(ExtensibilityGlobals) = postSolution
		SolutionGuid = {21F0A50B-1FBA-4B4F-AE63-034F214B5449}
	EndGlobalSection
EndGlobal
